
Microsoft Visual Studio Solution File, Format Version 12.00
# Visual Studio 14
VisualStudioVersion = 14.0.25420.1
MinimumVisualStudioVersion = 10.0.40219.1
Project("{8BC9CEB8-8B4A-11D0-8D11-00A0C91BC942}") = "dll1", "dll1\dll1.vcxproj", "{DB7EE2F7-46AA-4982-A9F3-E4B01FE079AC}"
EndProject
Project("{FAE04EC0-301F-11D3-BF4B-00C04F79EFBC}") = "GUI", "GUI\GUI.csproj", "{EC09D177-4BEC-4075-AC25-B7890D62AA9B}"
EndProject
Global
	GlobalSection(SolutionConfigurationPlatforms) = preSolution
		Debug|Any CPU = Debug|Any CPU
		Debug|x64 = Debug|x64
		Debug|x86 = Debug|x86
		Release|Any CPU = Release|Any CPU
		Release|x64 = Release|x64
		Release|x86 = Release|x86
	EndGlobalSection
	GlobalSection(ProjectConfigurationPlatforms) = postSolution
		{DB7EE2F7-46AA-4982-A9F3-E4B01FE079AC}.Debug|Any CPU.ActiveCfg = Debug|Win32
		{DB7EE2F7-46AA-4982-A9F3-E4B01FE079AC}.Debug|x64.ActiveCfg = Debug|x64
		{DB7EE2F7-46AA-4982-A9F3-E4B01FE079AC}.Debug|x64.Build.0 = Debug|x64
		{DB7EE2F7-46AA-4982-A9F3-E4B01FE079AC}.Debug|x86.ActiveCfg = Debug|Win32
		{DB7EE2F7-46AA-4982-A9F3-E4B01FE079AC}.Debug|x86.Build.0 = Debug|Win32
		{DB7EE2F7-46AA-4982-A9F3-E4B01FE079AC}.Release|Any CPU.ActiveCfg = Release|Win32
		{DB7EE2F7-46AA-4982-A9F3-E4B01FE079AC}.Release|x64.ActiveCfg = Release|x64
		{DB7EE2F7-46AA-4982-A9F3-E4B01FE079AC}.Release|x64.Build.0 = Release|x64
		{DB7EE2F7-46AA-4982-A9F3-E4B01FE079AC}.Release|x86.ActiveCfg = Release|Win32
		{DB7EE2F7-46AA-4982-A9F3-E4B01FE079AC}.Release|x86.Build.0 = Release|Win32
		{EC09D177-4BEC-4075-AC25-B7890D62AA9B}.Debug|Any CPU.ActiveCfg = Debug|Any CPU
		{EC09D177-4BEC-4075-AC25-B7890D62AA9B}.Debug|Any CPU.Build.0 = Debug|Any CPU
		{EC09D177-4BEC-4075-AC25-B7890D62AA9B}.Debug|x64.ActiveCfg = Debug|Any CPU
		{EC09D177-4BEC-4075-AC25-B7890D62AA9B}.Debug|x64.Build.0 = Debug|Any CPU
		{EC09D177-4BEC-4075-AC25-B7890D62AA9B}.Debug|x86.ActiveCfg = Debug|Any CPU
		{EC09D177-4BEC-4075-AC25-B7890D62AA9B}.Debug|x86.Build.0 = Debug|Any CPU
		{EC09D177-4BEC-4075-AC25-B7890D62AA9B}.Release|Any CPU.ActiveCfg = Release|Any CPU
		{EC09D177-4BEC-4075-AC25-B7890D62AA9B}.Release|Any CPU.Build.0 = Release|Any CPU
		{EC09D177-4BEC-4075-AC25-B7890D62AA9B}.Release|x64.ActiveCfg = Release|Any CPU
		{EC09D177-4BEC-4075-AC25-B7890D62AA9B}.Release|x64.Build.0 = Release|Any CPU
		{EC09D177-4BEC-4075-AC25-B7890D62AA9B}.Release|x86.ActiveCfg = Release|Any CPU
		{EC09D177-4BEC-4075-AC25-B7890D62AA9B}.Release|x86.Build.0 = Release|Any CPU
	EndGlobalSection
	GlobalSection(SolutionProperties) = preSolution
		HideSolutionNode = FALSE
	EndGlobalSection
EndGlobal
